
Microsoft Visual Studio Solution File, Format Version 12.00
# Visual Studio Version 16
VisualStudioVersion = 16.0.30002.166
MinimumVisualStudioVersion = 10.0.40219.1
Project("{FAE04EC0-301F-11D3-BF4B-00C04F79EFBC}") = "TestApp.UWP", "TestApp.UWP\TestApp.UWP.csproj", "{FD58B1AC-398B-4CE5-AED4-0FCF60D7E74F}"
EndProject
Project("{FAE04EC0-301F-11D3-BF4B-00C04F79EFBC}") = "TestApp.Android", "TestApp.Android\TestApp.Android.csproj", "{3AC074A6-0E00-41DD-A0F9-EEC8A9B71105}"
EndProject
Project("{FAE04EC0-301F-11D3-BF4B-00C04F79EFBC}") = "TestApp.iOS", "TestApp.iOS\TestApp.iOS.csproj", "{11B0ACED-DE67-4C6E-953D-BCD479009C69}"
EndProject
Project("{FAE04EC0-301F-11D3-BF4B-00C04F79EFBC}") = "TestApp", "TestApp\TestApp.csproj", "{F8213051-6702-4098-ACEA-2BBD51E72EDD}"
EndProject
Global
	GlobalSection(SolutionConfigurationPlatforms) = preSolution
		Debug|Any CPU = Debug|Any CPU
		Debug|ARM = Debug|ARM
		Debug|iPhone = Debug|iPhone
		Debug|iPhoneSimulator = Debug|iPhoneSimulator
		Debug|x64 = Debug|x64
		Debug|x86 = Debug|x86
		Release|Any CPU = Release|Any CPU
		Release|ARM = Release|ARM
		Release|iPhone = Release|iPhone
		Release|iPhoneSimulator = Release|iPhoneSimulator
		Release|x64 = Release|x64
		Release|x86 = Release|x86
	EndGlobalSection
	GlobalSection(ProjectConfigurationPlatforms) = postSolution
		{FD58B1AC-398B-4CE5-AED4-0FCF60D7E74F}.Debug|Any CPU.ActiveCfg = Debug|x86
		{FD58B1AC-398B-4CE5-AED4-0FCF60D7E74F}.Debug|Any CPU.Build.0 = Debug|x86
		{FD58B1AC-398B-4CE5-AED4-0FCF60D7E74F}.Debug|Any CPU.Deploy.0 = Debug|x86
		{FD58B1AC-398B-4CE5-AED4-0FCF60D7E74F}.Debug|ARM.ActiveCfg = Debug|ARM
		{FD58B1AC-398B-4CE5-AED4-0FCF60D7E74F}.Debug|ARM.Build.0 = Debug|ARM
		{FD58B1AC-398B-4CE5-AED4-0FCF60D7E74F}.Debug|ARM.Deploy.0 = Debug|ARM
		{FD58B1AC-398B-4CE5-AED4-0FCF60D7E74F}.Debug|iPhone.ActiveCfg = Debug|x86
		{FD58B1AC-398B-4CE5-AED4-0FCF60D7E74F}.Debug|iPhone.Build.0 = Debug|x86
		{FD58B1AC-398B-4CE5-AED4-0FCF60D7E74F}.Debug|iPhone.Deploy.0 = Debug|x86
		{FD58B1AC-398B-4CE5-AED4-0FCF60D7E74F}.Debug|iPhoneSimulator.ActiveCfg = Debug|x86
		{FD58B1AC-398B-4CE5-AED4-0FCF60D7E74F}.Debug|iPhoneSimulator.Build.0 = Debug|x86
		{FD58B1AC-398B-4CE5-AED4-0FCF60D7E74F}.Debug|iPhoneSimulator.Deploy.0 = Debug|x86
		{FD58B1AC-398B-4CE5-AED4-0FCF60D7E74F}.Debug|x64.ActiveCfg = Debug|x64
		{FD58B1AC-398B-4CE5-AED4-0FCF60D7E74F}.Debug|x64.Build.0 = Debug|x64
		{FD58B1AC-398B-4CE5-AED4-0FCF60D7E74F}.Debug|x64.Deploy.0 = Debug|x64
		{FD58B1AC-398B-4CE5-AED4-0FCF60D7E74F}.Debug|x86.ActiveCfg = Debug|x86
		{FD58B1AC-398B-4CE5-AED4-0FCF60D7E74F}.Debug|x86.Build.0 = Debug|x86
		{FD58B1AC-398B-4CE5-AED4-0FCF60D7E74F}.Debug|x86.Deploy.0 = Debug|x86
		{FD58B1AC-398B-4CE5-AED4-0FCF60D7E74F}.Release|Any CPU.ActiveCfg = Release|x86
		{FD58B1AC-398B-4CE5-AED4-0FCF60D7E74F}.Release|Any CPU.Build.0 = Release|x86
		{FD58B1AC-398B-4CE5-AED4-0FCF60D7E74F}.Release|Any CPU.Deploy.0 = Release|x86
		{FD58B1AC-398B-4CE5-AED4-0FCF60D7E74F}.Release|ARM.ActiveCfg = Release|ARM
		{FD58B1AC-398B-4CE5-AED4-0FCF60D7E74F}.Release|ARM.Build.0 = Release|ARM
		{FD58B1AC-398B-4CE5-AED4-0FCF60D7E74F}.Release|ARM.Deploy.0 = Release|ARM
		{FD58B1AC-398B-4CE5-AED4-0FCF60D7E74F}.Release|iPhone.ActiveCfg = Release|x86
		{FD58B1AC-398B-4CE5-AED4-0FCF60D7E74F}.Release|iPhone.Build.0 = Release|x86
		{FD58B1AC-398B-4CE5-AED4-0FCF60D7E74F}.Release|iPhone.Deploy.0 = Release|x86
		{FD58B1AC-398B-4CE5-AED4-0FCF60D7E74F}.Release|iPhoneSimulator.ActiveCfg = Release|x86
		{FD58B1AC-398B-4CE5-AED4-0FCF60D7E74F}.Release|iPhoneSimulator.Build.0 = Release|x86
		{FD58B1AC-398B-4CE5-AED4-0FCF60D7E74F}.Release|iPhoneSimulator.Deploy.0 = Release|x86
		{FD58B1AC-398B-4CE5-AED4-0FCF60D7E74F}.Release|x64.ActiveCfg = Release|x64
		{FD58B1AC-398B-4CE5-AED4-0FCF60D7E74F}.Release|x64.Build.0 = Release|x64
		{FD58B1AC-398B-4CE5-AED4-0FCF60D7E74F}.Release|x64.Deploy.0 = Release|x64
		{FD58B1AC-398B-4CE5-AED4-0FCF60D7E74F}.Release|x86.ActiveCfg = Release|x86
		{FD58B1AC-398B-4CE5-AED4-0FCF60D7E74F}.Release|x86.Build.0 = Release|x86
		{FD58B1AC-398B-4CE5-AED4-0FCF60D7E74F}.Release|x86.Deploy.0 = Release|x86
		{3AC074A6-0E00-41DD-A0F9-EEC8A9B71105}.Debug|Any CPU.ActiveCfg = Debug|Any CPU
		{3AC074A6-0E00-41DD-A0F9-EEC8A9B71105}.Debug|Any CPU.Build.0 = Debug|Any CPU
		{3AC074A6-0E00-41DD-A0F9-EEC8A9B71105}.Debug|Any CPU.Deploy.0 = Debug|Any CPU
		{3AC074A6-0E00-41DD-A0F9-EEC8A9B71105}.Debug|ARM.ActiveCfg = Debug|Any CPU
		{3AC074A6-0E00-41DD-A0F9-EEC8A9B71105}.Debug|ARM.Build.0 = Debug|Any CPU
		{3AC074A6-0E00-41DD-A0F9-EEC8A9B71105}.Debug|ARM.Deploy.0 = Debug|Any CPU
		{3AC074A6-0E00-41DD-A0F9-EEC8A9B71105}.Debug|iPhone.ActiveCfg = Debug|Any CPU
		{3AC074A6-0E00-41DD-A0F9-EEC8A9B71105}.Debug|iPhone.Build.0 = Debug|Any CPU
		{3AC074A6-0E00-41DD-A0F9-EEC8A9B71105}.Debug|iPhone.Deploy.0 = Debug|Any CPU
		{3AC074A6-0E00-41DD-A0F9-EEC8A9B71105}.Debug|iPhoneSimulator.ActiveCfg = Debug|Any CPU
		{3AC074A6-0E00-41DD-A0F9-EEC8A9B71105}.Debug|iPhoneSimulator.Build.0 = Debug|Any CPU
		{3AC074A6-0E00-41DD-A0F9-EEC8A9B71105}.Debug|iPhoneSimulator.Deploy.0 = Debug|Any CPU
		{3AC074A6-0E00-41DD-A0F9-EEC8A9B71105}.Debug|x64.ActiveCfg = Debug|Any CPU
		{3AC074A6-0E00-41DD-A0F9-EEC8A9B71105}.Debug|x64.Build.0 = Debug|Any CPU
		{3AC074A6-0E00-41DD-A0F9-EEC8A9B71105}.Debug|x64.Deploy.0 = Debug|Any CPU
		{3AC074A6-0E00-41DD-A0F9-EEC8A9B71105}.Debug|x86.ActiveCfg = Debug|Any CPU
		{3AC074A6-0E00-41DD-A0F9-EEC8A9B71105}.Debug|x86.Build.0 = Debug|Any CPU
		{3AC074A6-0E00-41DD-A0F9-EEC8A9B71105}.Debug|x86.Deploy.0 = Debug|Any CPU
		{3AC074A6-0E00-41DD-A0F9-EEC8A9B71105}.Release|Any CPU.ActiveCfg = Release|Any CPU
		{3AC074A6-0E00-41DD-A0F9-EEC8A9B71105}.Release|Any CPU.Build.0 = Release|Any CPU
		{3AC074A6-0E00-41DD-A0F9-EEC8A9B71105}.Release|Any CPU.Deploy.0 = Release|Any CPU
		{3AC074A6-0E00-41DD-A0F9-EEC8A9B71105}.Release|ARM.ActiveCfg = Release|Any CPU
		{3AC074A6-0E00-41DD-A0F9-EEC8A9B71105}.Release|ARM.Build.0 = Release|Any CPU
		{3AC074A6-0E00-41DD-A0F9-EEC8A9B71105}.Release|ARM.Deploy.0 = Release|Any CPU
		{3AC074A6-0E00-41DD-A0F9-EEC8A9B71105}.Release|iPhone.ActiveCfg = Release|Any CPU
		{3AC074A6-0E00-41DD-A0F9-EEC8A9B71105}.Release|iPhone.Build.0 = Release|Any CPU
		{3AC074A6-0E00-41DD-A0F9-EEC8A9B71105}.Release|iPhone.Deploy.0 = Release|Any CPU
		{3AC074A6-0E00-41DD-A0F9-EEC8A9B71105}.Release|iPhoneSimulator.ActiveCfg = Release|Any CPU
		{3AC074A6-0E00-41DD-A0F9-EEC8A9B71105}.Release|iPhoneSimulator.Build.0 = Release|Any CPU
		{3AC074A6-0E00-41DD-A0F9-EEC8A9B71105}.Release|iPhoneSimulator.Deploy.0 = Release|Any CPU
		{3AC074A6-0E00-41DD-A0F9-EEC8A9B71105}.Release|x64.ActiveCfg = Release|Any CPU
		{3AC074A6-0E00-41DD-A0F9-EEC8A9B71105}.Release|x64.Build.0 = Release|Any CPU
		{3AC074A6-0E00-41DD-A0F9-EEC8A9B71105}.Release|x64.Deploy.0 = Release|Any CPU
		{3AC074A6-0E00-41DD-A0F9-EEC8A9B71105}.Release|x86.ActiveCfg = Release|Any CPU
		{3AC074A6-0E00-41DD-A0F9-EEC8A9B71105}.Release|x86.Build.0 = Release|Any CPU
		{3AC074A6-0E00-41DD-A0F9-EEC8A9B71105}.Release|x86.Deploy.0 = Release|Any CPU
		{11B0ACED-DE67-4C6E-953D-BCD479009C69}.Debug|Any CPU.ActiveCfg = Debug|iPhone
		{11B0ACED-DE67-4C6E-953D-BCD479009C69}.Debug|Any CPU.Build.0 = Debug|iPhone
		{11B0ACED-DE67-4C6E-953D-BCD479009C69}.Debug|Any CPU.Deploy.0 = Debug|iPhone
		{11B0ACED-DE67-4C6E-953D-BCD479009C69}.Debug|ARM.ActiveCfg = Debug|iPhone
		{11B0ACED-DE67-4C6E-953D-BCD479009C69}.Debug|ARM.Build.0 = Debug|iPhone
		{11B0ACED-DE67-4C6E-953D-BCD479009C69}.Debug|ARM.Deploy.0 = Debug|iPhone
		{11B0ACED-DE67-4C6E-953D-BCD479009C69}.Debug|iPhone.ActiveCfg = Debug|iPhone
		{11B0ACED-DE67-4C6E-953D-BCD479009C69}.Debug|iPhone.Build.0 = Debug|iPhone
		{11B0ACED-DE67-4C6E-953D-BCD479009C69}.Debug|iPhone.Deploy.0 = Debug|iPhone
		{11B0ACED-DE67-4C6E-953D-BCD479009C69}.Debug|iPhoneSimulator.ActiveCfg = Debug|iPhoneSimulator
		{11B0ACED-DE67-4C6E-953D-BCD479009C69}.Debug|iPhoneSimulator.Build.0 = Debug|iPhoneSimulator
		{11B0ACED-DE67-4C6E-953D-BCD479009C69}.Debug|iPhoneSimulator.Deploy.0 = Debug|iPhoneSimulator
		{11B0ACED-DE67-4C6E-953D-BCD479009C69}.Debug|x64.ActiveCfg = Debug|iPhone
		{11B0ACED-DE67-4C6E-953D-BCD479009C69}.Debug|x64.Build.0 = Debug|iPhone
		{11B0ACED-DE67-4C6E-953D-BCD479009C69}.Debug|x64.Deploy.0 = Debug|iPhone
		{11B0ACED-DE67-4C6E-953D-BCD479009C69}.Debug|x86.ActiveCfg = Debug|iPhone
		{11B0ACED-DE67-4C6E-953D-BCD479009C69}.Debug|x86.Build.0 = Debug|iPhone
		{11B0ACED-DE67-4C6E-953D-BCD479009C69}.Debug|x86.Deploy.0 = Debug|iPhone
		{11B0ACED-DE67-4C6E-953D-BCD479009C69}.Release|Any CPU.ActiveCfg = Release|iPhone
		{11B0ACED-DE67-4C6E-953D-BCD479009C69}.Release|Any CPU.Build.0 = Release|iPhone
		{11B0ACED-DE67-4C6E-953D-BCD479009C69}.Release|Any CPU.Deploy.0 = Release|iPhone
		{11B0ACED-DE67-4C6E-953D-BCD479009C69}.Release|ARM.ActiveCfg = Release|iPhone
		{11B0ACED-DE67-4C6E-953D-BCD479009C69}.Release|ARM.Build.0 = Release|iPhone
		{11B0ACED-DE67-4C6E-953D-BCD479009C69}.Release|ARM.Deploy.0 = Release|iPhone
		{11B0ACED-DE67-4C6E-953D-BCD479009C69}.Release|iPhone.ActiveCfg = Release|iPhone
		{11B0ACED-DE67-4C6E-953D-BCD479009C69}.Release|iPhone.Build.0 = Release|iPhone
		{11B0ACED-DE67-4C6E-953D-BCD479009C69}.Release|iPhone.Deploy.0 = Release|iPhone
		{11B0ACED-DE67-4C6E-953D-BCD479009C69}.Release|iPhoneSimulator.ActiveCfg = Release|iPhoneSimulator
		{11B0ACED-DE67-4C6E-953D-BCD479009C69}.Release|iPhoneSimulator.Build.0 = Release|iPhoneSimulator
		{11B0ACED-DE67-4C6E-953D-BCD479009C69}.Release|iPhoneSimulator.Deploy.0 = Release|iPhoneSimulator
		{11B0ACED-DE67-4C6E-953D-BCD479009C69}.Release|x64.ActiveCfg = Release|iPhone
		{11B0ACED-DE67-4C6E-953D-BCD479009C69}.Release|x64.Build.0 = Release|iPhone
		{11B0ACED-DE67-4C6E-953D-BCD479009C69}.Release|x64.Deploy.0 = Release|iPhone
		{11B0ACED-DE67-4C6E-953D-BCD479009C69}.Release|x86.ActiveCfg = Release|iPhone
		{11B0ACED-DE67-4C6E-953D-BCD479009C69}.Release|x86.Build.0 = Release|iPhone
		{11B0ACED-DE67-4C6E-953D-BCD479009C69}.Release|x86.Deploy.0 = Release|iPhone
		{F8213051-6702-4098-ACEA-2BBD51E72EDD}.Debug|Any CPU.ActiveCfg = Debug|Any CPU
		{F8213051-6702-4098-ACEA-2BBD51E72EDD}.Debug|Any CPU.Build.0 = Debug|Any CPU
		{F8213051-6702-4098-ACEA-2BBD51E72EDD}.Debug|Any CPU.Deploy.0 = Debug|Any CPU
		{F8213051-6702-4098-ACEA-2BBD51E72EDD}.Debug|ARM.ActiveCfg = Debug|Any CPU
		{F8213051-6702-4098-ACEA-2BBD51E72EDD}.Debug|ARM.Build.0 = Debug|Any CPU
		{F8213051-6702-4098-ACEA-2BBD51E72EDD}.Debug|ARM.Deploy.0 = Debug|Any CPU
		{F8213051-6702-4098-ACEA-2BBD51E72EDD}.Debug|iPhone.ActiveCfg = Debug|Any CPU
		{F8213051-6702-4098-ACEA-2BBD51E72EDD}.Debug|iPhone.Build.0 = Debug|Any CPU
		{F8213051-6702-4098-ACEA-2BBD51E72EDD}.Debug|iPhone.Deploy.0 = Debug|Any CPU
		{F8213051-6702-4098-ACEA-2BBD51E72EDD}.Debug|iPhoneSimulator.ActiveCfg = Debug|Any CPU
		{F8213051-6702-4098-ACEA-2BBD51E72EDD}.Debug|iPhoneSimulator.Build.0 = Debug|Any CPU
		{F8213051-6702-4098-ACEA-2BBD51E72EDD}.Debug|iPhoneSimulator.Deploy.0 = Debug|Any CPU
		{F8213051-6702-4098-ACEA-2BBD51E72EDD}.Debug|x64.ActiveCfg = Debug|Any CPU
		{F8213051-6702-4098-ACEA-2BBD51E72EDD}.Debug|x64.Build.0 = Debug|Any CPU
		{F8213051-6702-4098-ACEA-2BBD51E72EDD}.Debug|x64.Deploy.0 = Debug|Any CPU
		{F8213051-6702-4098-ACEA-2BBD51E72EDD}.Debug|x86.ActiveCfg = Debug|Any CPU
		{F8213051-6702-4098-ACEA-2BBD51E72EDD}.Debug|x86.Build.0 = Debug|Any CPU
		{F8213051-6702-4098-ACEA-2BBD51E72EDD}.Debug|x86.Deploy.0 = Debug|Any CPU
		{F8213051-6702-4098-ACEA-2BBD51E72EDD}.Release|Any CPU.ActiveCfg = Release|Any CPU
		{F8213051-6702-4098-ACEA-2BBD51E72EDD}.Release|Any CPU.Build.0 = Release|Any CPU
		{F8213051-6702-4098-ACEA-2BBD51E72EDD}.Release|Any CPU.Deploy.0 = Release|Any CPU
		{F8213051-6702-4098-ACEA-2BBD51E72EDD}.Release|ARM.ActiveCfg = Release|Any CPU
		{F8213051-6702-4098-ACEA-2BBD51E72EDD}.Release|ARM.Build.0 = Release|Any CPU
		{F8213051-6702-4098-ACEA-2BBD51E72EDD}.Release|ARM.Deploy.0 = Release|Any CPU
		{F8213051-6702-4098-ACEA-2BBD51E72EDD}.Release|iPhone.ActiveCfg = Release|Any CPU
		{F8213051-6702-4098-ACEA-2BBD51E72EDD}.Release|iPhone.Build.0 = Release|Any CPU
		{F8213051-6702-4098-ACEA-2BBD51E72EDD}.Release|iPhone.Deploy.0 = Release|Any CPU
		{F8213051-6702-4098-ACEA-2BBD51E72EDD}.Release|iPhoneSimulator.ActiveCfg = Release|Any CPU
		{F8213051-6702-4098-ACEA-2BBD51E72EDD}.Release|iPhoneSimulator.Build.0 = Release|Any CPU
		{F8213051-6702-4098-ACEA-2BBD51E72EDD}.Release|iPhoneSimulator.Deploy.0 = Release|Any CPU
		{F8213051-6702-4098-ACEA-2BBD51E72EDD}.Release|x64.ActiveCfg = Release|Any CPU
		{F8213051-6702-4098-ACEA-2BBD51E72EDD}.Release|x64.Build.0 = Release|Any CPU
		{F8213051-6702-4098-ACEA-2BBD51E72EDD}.Release|x64.Deploy.0 = Release|Any CPU
		{F8213051-6702-4098-ACEA-2BBD51E72EDD}.Release|x86.ActiveCfg = Release|Any CPU
		{F8213051-6702-4098-ACEA-2BBD51E72EDD}.Release|x86.Build.0 = Release|Any CPU
		{F8213051-6702-4098-ACEA-2BBD51E72EDD}.Release|x86.Deploy.0 = Release|Any CPU
	EndGlobalSection
	GlobalSection(SolutionProperties) = preSolution
		HideSolutionNode = FALSE
	EndGlobalSection
	GlobalSection(ExtensibilityGlobals) = postSolution
		SolutionGuid = {14B25B66-C773-4CF0-8C8F-7347A6E36E2D}
	EndGlobalSection
EndGlobal
